// !$*UTF8*$!
{
	archiveVersion = 1;
	classes = {
	};
	objectVersion = 46;
	objects = {

/* Begin PBXBuildFile section */
		CD3AC2B81EF9BCC100B7AC23 /* AppDelegate.swift in Sources */ = {isa = PBXBuildFile; fileRef = CD3AC2B71EF9BCC100B7AC23 /* AppDelegate.swift */; };
		CD3AC2BA1EF9BCC100B7AC23 /* ViewController.swift in Sources */ = {isa = PBXBuildFile; fileRef = CD3AC2B91EF9BCC100B7AC23 /* ViewController.swift */; };
		CD3AC2BD1EF9BCC100B7AC23 /* Main.storyboard in Resources */ = {isa = PBXBuildFile; fileRef = CD3AC2BB1EF9BCC100B7AC23 /* Main.storyboard */; };
		CD3AC2BF1EF9BCC100B7AC23 /* Assets.xcassets in Resources */ = {isa = PBXBuildFile; fileRef = CD3AC2BE1EF9BCC100B7AC23 /* Assets.xcassets */; };
		CD3AC2C21EF9BCC100B7AC23 /* LaunchScreen.storyboard in Resources */ = {isa = PBXBuildFile; fileRef = CD3AC2C01EF9BCC100B7AC23 /* LaunchScreen.storyboard */; };
		CD3AC2CD1EF9BCC100B7AC23 /* tippyTests.swift in Sources */ = {isa = PBXBuildFile; fileRef = CD3AC2CC1EF9BCC100B7AC23 /* tippyTests.swift */; };
		CD3AC2D81EF9BCC100B7AC23 /* tippyUITests.swift in Sources */ = {isa = PBXBuildFile; fileRef = CD3AC2D71EF9BCC100B7AC23 /* tippyUITests.swift */; };
/* End PBXBuildFile section */

/* Begin PBXContainerItemProxy section */
		CD3AC2C91EF9BCC100B7AC23 /* PBXContainerItemProxy */ = {
			isa = PBXContainerItemProxy;
			containerPortal = CD3AC2AC1EF9BCC100B7AC23 /* Project object */;
			proxyType = 1;
			remoteGlobalIDString = CD3AC2B31EF9BCC100B7AC23;
			remoteInfo = tippy;
		};
		CD3AC2D41EF9BCC100B7AC23 /* PBXContainerItemProxy */ = {
			isa = PBXContainerItemProxy;
			containerPortal = CD3AC2AC1EF9BCC100B7AC23 /* Project object */;
			proxyType = 1;
			remoteGlobalIDString = CD3AC2B31EF9BCC100B7AC23;
			remoteInfo = tippy;
		};
/* End PBXContainerItemProxy section */

/* Begin PBXFileReference section */
		CD3AC2B41EF9BCC100B7AC23 /* tippy.app */ = {isa = PBXFileReference; explicitFileType = wrapper.application; includeInIndex = 0; path = tippy.app; sourceTree = BUILT_PRODUCTS_DIR; };
		CD3AC2B71EF9BCC100B7AC23 /* AppDelegate.swift */ = {isa = PBXFileReference; lastKnownFileType = sourcecode.swift; path = AppDelegate.swift; sourceTree = "<group>"; };
		CD3AC2B91EF9BCC100B7AC23 /* ViewController.swift */ = {isa = PBXFileReference; lastKnownFileType = sourcecode.swift; path = ViewController.swift; sourceTree = "<group>"; };
		CD3AC2BC1EF9BCC100B7AC23 /* Base */ = {isa = PBXFileReference; lastKnownFileType = file.storyboard; name = Base; path = Base.lproj/Main.storyboard; sourceTree = "<group>"; };
		CD3AC2BE1EF9BCC100B7AC23 /* Assets.xcassets */ = {isa = PBXFileReference; lastKnownFileType = folder.assetcatalog; path = Assets.xcassets; sourceTree = "<group>"; };
		CD3AC2C11EF9BCC100B7AC23 /* Base */ = {isa = PBXFileReference; lastKnownFileType = file.storyboard; name = Base; path = Base.lproj/LaunchScreen.storyboard; sourceTree = "<group>"; };
		CD3AC2C31EF9BCC100B7AC23 /* Info.plist */ = {isa = PBXFileReference; lastKnownFileType = text.plist.xml; path = Info.plist; sourceTree = "<group>"; };
		CD3AC2C81EF9BCC100B7AC23 /* tippyTests.xctest */ = {isa = PBXFileReference; explicitFileType = wrapper.cfbundle; includeInIndex = 0; path = tippyTests.xctest; sourceTree = BUILT_PRODUCTS_DIR; };
		CD3AC2CC1EF9BCC100B7AC23 /* tippyTests.swift */ = {isa = PBXFileReference; lastKnownFileType = sourcecode.swift; path = tippyTests.swift; sourceTree = "<group>"; };
		CD3AC2CE1EF9BCC100B7AC23 /* Info.plist */ = {isa = PBXFileReference; lastKnownFileType = text.plist.xml; path = Info.plist; sourceTree = "<group>"; };
		CD3AC2D31EF9BCC100B7AC23 /* tippyUITests.xctest */ = {isa = PBXFileReference; explicitFileType = wrapper.cfbundle; includeInIndex = 0; path = tippyUITests.xctest; sourceTree = BUILT_PRODUCTS_DIR; };
		CD3AC2D71EF9BCC100B7AC23 /* tippyUITests.swift */ = {isa = PBXFileReference; lastKnownFileType = sourcecode.swift; path = tippyUITests.swift; sourceTree = "<group>"; };
		CD3AC2D91EF9BCC100B7AC23 /* Info.plist */ = {isa = PBXFileReference; lastKnownFileType = text.plist.xml; path = Info.plist; sourceTree = "<group>"; };
/* End PBXFileReference section */

/* Begin PBXFrameworksBuildPhase section */
		CD3AC2B11EF9BCC100B7AC23 /* Frameworks */ = {
			isa = PBXFrameworksBuildPhase;
			buildActionMask = 2147483647;
			files = (
			);
			runOnlyForDeploymentPostprocessing = 0;
		};
		CD3AC2C51EF9BCC100B7AC23 /* Frameworks */ = {
			isa = PBXFrameworksBuildPhase;
			buildActionMask = 2147483647;
			files = (
			);
			runOnlyForDeploymentPostprocessing = 0;
		};
		CD3AC2D01EF9BCC100B7AC23 /* Frameworks */ = {
			isa = PBXFrameworksBuildPhase;
			buildActionMask = 2147483647;
			files = (
			);
			runOnlyForDeploymentPostprocessing = 0;
		};
/* End PBXFrameworksBuildPhase section */

/* Begin PBXGroup section */
		CD3AC2AB1EF9BCC100B7AC23 = {
			isa = PBXGroup;
			children = (
				CD3AC2B61EF9BCC100B7AC23 /* tippy */,
				CD3AC2CB1EF9BCC100B7AC23 /* tippyTests */,
				CD3AC2D61EF9BCC100B7AC23 /* tippyUITests */,
				CD3AC2B51EF9BCC100B7AC23 /* Products */,
			);
			sourceTree = "<group>";
		};
		CD3AC2B51EF9BCC100B7AC23 /* Products */ = {
			isa = PBXGroup;
			children = (
				CD3AC2B41EF9BCC100B7AC23 /* tippy.app */,
				CD3AC2C81EF9BCC100B7AC23 /* tippyTests.xctest */,
				CD3AC2D31EF9BCC100B7AC23 /* tippyUITests.xctest */,
			);
			name = Products;
			sourceTree = "<group>";
		};
		CD3AC2B61EF9BCC100B7AC23 /* tippy */ = {
			isa = PBXGroup;
			children = (
				CD3AC2B71EF9BCC100B7AC23 /* AppDelegate.swift */,
				CD3AC2B91EF9BCC100B7AC23 /* ViewController.swift */,
				CD3AC2BB1EF9BCC100B7AC23 /* Main.storyboard */,
				CD3AC2BE1EF9BCC100B7AC23 /* Assets.xcassets */,
				CD3AC2C01EF9BCC100B7AC23 /* LaunchScreen.storyboard */,
				CD3AC2C31EF9BCC100B7AC23 /* Info.plist */,
			);
			path = tippy;
			sourceTree = "<group>";
		};
		CD3AC2CB1EF9BCC100B7AC23 /* tippyTests */ = {
			isa = PBXGroup;
			children = (
				CD3AC2CC1EF9BCC100B7AC23 /* tippyTests.swift */,
				CD3AC2CE1EF9BCC100B7AC23 /* Info.plist */,
			);
			path = tippyTests;
			sourceTree = "<group>";
		};
		CD3AC2D61EF9BCC100B7AC23 /* tippyUITests */ = {
			isa = PBXGroup;
			children = (
				CD3AC2D71EF9BCC100B7AC23 /* tippyUITests.swift */,
				CD3AC2D91EF9BCC100B7AC23 /* Info.plist */,
			);
			path = tippyUITests;
			sourceTree = "<group>";
		};
/* End PBXGroup section */

/* Begin PBXNativeTarget section */
		CD3AC2B31EF9BCC100B7AC23 /* tippy */ = {
			isa = PBXNativeTarget;
			buildConfigurationList = CD3AC2DC1EF9BCC100B7AC23 /* Build configuration list for PBXNativeTarget "tippy" */;
			buildPhases = (
				CD3AC2B01EF9BCC100B7AC23 /* Sources */,
				CD3AC2B11EF9BCC100B7AC23 /* Frameworks */,
				CD3AC2B21EF9BCC100B7AC23 /* Resources */,
			);
			buildRules = (
			);
			dependencies = (
			);
			name = tippy;
			productName = tippy;
			productReference = CD3AC2B41EF9BCC100B7AC23 /* tippy.app */;
			productType = "com.apple.product-type.application";
		};
		CD3AC2C71EF9BCC100B7AC23 /* tippyTests */ = {
			isa = PBXNativeTarget;
			buildConfigurationList = CD3AC2DF1EF9BCC100B7AC23 /* Build configuration list for PBXNativeTarget "tippyTests" */;
			buildPhases = (
				CD3AC2C41EF9BCC100B7AC23 /* Sources */,
				CD3AC2C51EF9BCC100B7AC23 /* Frameworks */,
				CD3AC2C61EF9BCC100B7AC23 /* Resources */,
			);
			buildRules = (
			);
			dependencies = (
				CD3AC2CA1EF9BCC100B7AC23 /* PBXTargetDependency */,
			);
			name = tippyTests;
			productName = tippyTests;
			productReference = CD3AC2C81EF9BCC100B7AC23 /* tippyTests.xctest */;
			productType = "com.apple.product-type.bundle.unit-test";
		};
		CD3AC2D21EF9BCC100B7AC23 /* tippyUITests */ = {
			isa = PBXNativeTarget;
			buildConfigurationList = CD3AC2E21EF9BCC100B7AC23 /* Build configuration list for PBXNativeTarget "tippyUITests" */;
			buildPhases = (
				CD3AC2CF1EF9BCC100B7AC23 /* Sources */,
				CD3AC2D01EF9BCC100B7AC23 /* Frameworks */,
				CD3AC2D11EF9BCC100B7AC23 /* Resources */,
			);
			buildRules = (
			);
			dependencies = (
				CD3AC2D51EF9BCC100B7AC23 /* PBXTargetDependency */,
			);
			name = tippyUITests;
			productName = tippyUITests;
			productReference = CD3AC2D31EF9BCC100B7AC23 /* tippyUITests.xctest */;
			productType = "com.apple.product-type.bundle.ui-testing";
		};
/* End PBXNativeTarget section */

/* Begin PBXProject section */
		CD3AC2AC1EF9BCC100B7AC23 /* Project object */ = {
			isa = PBXProject;
			attributes = {
				LastSwiftUpdateCheck = 0830;
				LastUpgradeCheck = 0830;
				ORGANIZATIONNAME = "Alina Abidi";
				TargetAttributes = {
					CD3AC2B31EF9BCC100B7AC23 = {
						CreatedOnToolsVersion = 8.3.2;
						ProvisioningStyle = Automatic;
					};
					CD3AC2C71EF9BCC100B7AC23 = {
						CreatedOnToolsVersion = 8.3.2;
						ProvisioningStyle = Automatic;
						TestTargetID = CD3AC2B31EF9BCC100B7AC23;
					};
					CD3AC2D21EF9BCC100B7AC23 = {
						CreatedOnToolsVersion = 8.3.2;
						ProvisioningStyle = Automatic;
						TestTargetID = CD3AC2B31EF9BCC100B7AC23;
					};
				};
			};
			buildConfigurationList = CD3AC2AF1EF9BCC100B7AC23 /* Build configuration list for PBXProject "tippy" */;
			compatibilityVersion = "Xcode 3.2";
			developmentRegion = English;
			hasScannedForEncodings = 0;
			knownRegions = (
				en,
				Base,
			);
			mainGroup = CD3AC2AB1EF9BCC100B7AC23;
			productRefGroup = CD3AC2B51EF9BCC100B7AC23 /* Products */;
			projectDirPath = "";
			projectRoot = "";
			targets = (
				CD3AC2B31EF9BCC100B7AC23 /* tippy */,
				CD3AC2C71EF9BCC100B7AC23 /* tippyTests */,
				CD3AC2D21EF9BCC100B7AC23 /* tippyUITests */,
			);
		};
/* End PBXProject section */

/* Begin PBXResourcesBuildPhase section */
		CD3AC2B21EF9BCC100B7AC23 /* Resources */ = {
			isa = PBXResourcesBuildPhase;
			buildActionMask = 2147483647;
			files = (
				CD3AC2C21EF9BCC100B7AC23 /* LaunchScreen.storyboard in Resources */,
				CD3AC2BF1EF9BCC100B7AC23 /* Assets.xcassets in Resources */,
				CD3AC2BD1EF9BCC100B7AC23 /* Main.storyboard in Resources */,
			);
			runOnlyForDeploymentPostprocessing = 0;
		};
		CD3AC2C61EF9BCC100B7AC23 /* Resources */ = {
			isa = PBXResourcesBuildPhase;
			buildActionMask = 2147483647;
			files = (
			);
			runOnlyForDeploymentPostprocessing = 0;
		};
		CD3AC2D11EF9BCC100B7AC23 /* Resources */ = {
			isa = PBXResourcesBuildPhase;
			buildActionMask = 2147483647;
			files = (
			);
			runOnlyForDeploymentPostprocessing = 0;
		};
/* End PBXResourcesBuildPhase section */

/* Begin PBXSourcesBuildPhase section */
		CD3AC2B01EF9BCC100B7AC23 /* Sources */ = {
			isa = PBXSourcesBuildPhase;
			buildActionMask = 2147483647;
			files = (
				CD3AC2BA1EF9BCC100B7AC23 /* ViewController.swift in Sources */,
				CD3AC2B81EF9BCC100B7AC23 /* AppDelegate.swift in Sources */,
			);
			runOnlyForDeploymentPostprocessing = 0;
		};
		CD3AC2C41EF9BCC100B7AC23 /* Sources */ = {
			isa = PBXSourcesBuildPhase;
			buildActionMask = 2147483647;
			files = (
				CD3AC2CD1EF9BCC100B7AC23 /* tippyTests.swift in Sources */,
			);
			runOnlyForDeploymentPostprocessing = 0;
		};
		CD3AC2CF1EF9BCC100B7AC23 /* Sources */ = {
			isa = PBXSourcesBuildPhase;
			buildActionMask = 2147483647;
			files = (
				CD3AC2D81EF9BCC100B7AC23 /* tippyUITests.swift in Sources */,
			);
			runOnlyForDeploymentPostprocessing = 0;
		};
/* End PBXSourcesBuildPhase section */

/* Begin PBXTargetDependency section */
		CD3AC2CA1EF9BCC100B7AC23 /* PBXTargetDependency */ = {
			isa = PBXTargetDependency;
			target = CD3AC2B31EF9BCC100B7AC23 /* tippy */;
			targetProxy = CD3AC2C91EF9BCC100B7AC23 /* PBXContainerItemProxy */;
		};
		CD3AC2D51EF9BCC100B7AC23 /* PBXTargetDependency */ = {
			isa = PBXTargetDependency;
			target = CD3AC2B31EF9BCC100B7AC23 /* tippy */;
			targetProxy = CD3AC2D41EF9BCC100B7AC23 /* PBXContainerItemProxy */;
		};
/* End PBXTargetDependency section */

/* Begin PBXVariantGroup section */
		CD3AC2BB1EF9BCC100B7AC23 /* Main.storyboard */ = {
			isa = PBXVariantGroup;
			children = (
				CD3AC2BC1EF9BCC100B7AC23 /* Base */,
			);
			name = Main.storyboard;
			sourceTree = "<group>";
		};
		CD3AC2C01EF9BCC100B7AC23 /* LaunchScreen.storyboard */ = {
			isa = PBXVariantGroup;
			children = (
				CD3AC2C11EF9BCC100B7AC23 /* Base */,
			);
			name = LaunchScreen.storyboard;
			sourceTree = "<group>";
		};
/* End PBXVariantGroup section */

/* Begin XCBuildConfiguration section */
		CD3AC2DA1EF9BCC100B7AC23 /* Debug */ = {
			isa = XCBuildConfiguration;
			buildSettings = {
				ALWAYS_SEARCH_USER_PATHS = NO;
				CLANG_ANALYZER_NONNULL = YES;
				CLANG_ANALYZER_NUMBER_OBJECT_CONVERSION = YES_AGGRESSIVE;
				CLANG_CXX_LANGUAGE_STANDARD = "gnu++0x";
				CLANG_CXX_LIBRARY = "libc++";
				CLANG_ENABLE_MODULES = YES;
				CLANG_ENABLE_OBJC_ARC = YES;
				CLANG_WARN_BOOL_CONVERSION = YES;
				CLANG_WARN_CONSTANT_CONVERSION = YES;
				CLANG_WARN_DIRECT_OBJC_ISA_USAGE = YES_ERROR;
				CLANG_WARN_DOCUMENTATION_COMMENTS = YES;
				CLANG_WARN_EMPTY_BODY = YES;
				CLANG_WARN_ENUM_CONVERSION = YES;
				CLANG_WARN_INFINITE_RECURSION = YES;
				CLANG_WARN_INT_CONVERSION = YES;
				CLANG_WARN_OBJC_ROOT_CLASS = YES_ERROR;
				CLANG_WARN_SUSPICIOUS_MOVE = YES;
				CLANG_WARN_UNREACHABLE_CODE = YES;
				CLANG_WARN__DUPLICATE_METHOD_MATCH = YES;
				"CODE_SIGN_IDENTITY[sdk=iphoneos*]" = "iPhone Developer";
				COPY_PHASE_STRIP = NO;
				DEBUG_INFORMATION_FORMAT = dwarf;
				ENABLE_STRICT_OBJC_MSGSEND = YES;
				ENABLE_TESTABILITY = YES;
				GCC_C_LANGUAGE_STANDARD = gnu99;
				GCC_DYNAMIC_NO_PIC = NO;
				GCC_NO_COMMON_BLOCKS = YES;
				GCC_OPTIMIZATION_LEVEL = 0;
				GCC_PREPROCESSOR_DEFINITIONS = (
					"DEBUG=1",
					"$(inherited)",
				);
				GCC_WARN_64_TO_32_BIT_CONVERSION = YES;
				GCC_WARN_ABOUT_RETURN_TYPE = YES_ERROR;
				GCC_WARN_UNDECLARED_SELECTOR = YES;
				GCC_WARN_UNINITIALIZED_AUTOS = YES_AGGRESSIVE;
				GCC_WARN_UNUSED_FUNCTION = YES;
				GCC_WARN_UNUSED_VARIABLE = YES;
				IPHONEOS_DEPLOYMENT_TARGET = 10.3;
				MTL_ENABLE_DEBUG_INFO = YES;
				ONLY_ACTIVE_ARCH = YES;
				SDKROOT = iphoneos;
				SWIFT_ACTIVE_COMPILATION_CONDITIONS = DEBUG;
				SWIFT_OPTIMIZATION_LEVEL = "-Onone";
			};
			name = Debug;
		};
		CD3AC2DB1EF9BCC100B7AC23 /* Release */ = {
			isa = XCBuildConfiguration;
			buildSettings = {
				ALWAYS_SEARCH_USER_PATHS = NO;
				CLANG_ANALYZER_NONNULL = YES;
				CLANG_ANALYZER_NUMBER_OBJECT_CONVERSION = YES_AGGRESSIVE;
				CLANG_CXX_LANGUAGE_STANDARD = "gnu++0x";
				CLANG_CXX_LIBRARY = "libc++";
				CLANG_ENABLE_MODULES = YES;
				CLANG_ENABLE_OBJC_ARC = YES;
				CLANG_WARN_BOOL_CONVERSION = YES;
				CLANG_WARN_CONSTANT_CONVERSION = YES;
				CLANG_WARN_DIRECT_OBJC_ISA_USAGE = YES_ERROR;
				CLANG_WARN_DOCUMENTATION_COMMENTS = YES;
				CLANG_WARN_EMPTY_BODY = YES;
				CLANG_WARN_ENUM_CONVERSION = YES;
				CLANG_WARN_INFINITE_RECURSION = YES;
				CLANG_WARN_INT_CONVERSION = YES;
				CLANG_WARN_OBJC_ROOT_CLASS = YES_ERROR;
				CLANG_WARN_SUSPICIOUS_MOVE = YES;
				CLANG_WARN_UNREACHABLE_CODE = YES;
				CLANG_WARN__DUPLICATE_METHOD_MATCH = YES;
				"CODE_SIGN_IDENTITY[sdk=iphoneos*]" = "iPhone Developer";
				COPY_PHASE_STRIP = NO;
				DEBUG_INFORMATION_FORMAT = "dwarf-with-dsym";
				ENABLE_NS_ASSERTIONS = NO;
				ENABLE_STRICT_OBJC_MSGSEND = YES;
				GCC_C_LANGUAGE_STANDARD = gnu99;
				GCC_NO_COMMON_BLOCKS = YES;
				GCC_WARN_64_TO_32_BIT_CONVERSION = YES;
				GCC_WARN_ABOUT_RETURN_TYPE = YES_ERROR;
				GCC_WARN_UNDECLARED_SELECTOR = YES;
				GCC_WARN_UNINITIALIZED_AUTOS = YES_AGGRESSIVE;
				GCC_WARN_UNUSED_FUNCTION = YES;
				GCC_WARN_UNUSED_VARIABLE = YES;
				IPHONEOS_DEPLOYMENT_TARGET = 10.3;
				MTL_ENABLE_DEBUG_INFO = NO;
				SDKROOT = iphoneos;
				SWIFT_OPTIMIZATION_LEVEL = "-Owholemodule";
				VALIDATE_PRODUCT = YES;
			};
			name = Release;
		};
		CD3AC2DD1EF9BCC100B7AC23 /* Debug */ = {
			isa = XCBuildConfiguration;
			buildSettings = {
				ASSETCATALOG_COMPILER_APPICON_NAME = AppIcon;
				INFOPLIST_FILE = tippy/Info.plist;
				LD_RUNPATH_SEARCH_PATHS = "$(inherited) @executable_path/Frameworks";
				PRODUCT_BUNDLE_IDENTIFIER = com.alina.tippy;
				PRODUCT_NAME = "$(TARGET_NAME)";
				SWIFT_VERSION = 3.0;
			};
			name = Debug;
		};
		CD3AC2DE1EF9BCC100B7AC23 /* Release */ = {
			isa = XCBuildConfiguration;
			buildSettings = {
				ASSETCATALOG_COMPILER_APPICON_NAME = AppIcon;
				INFOPLIST_FILE = tippy/Info.plist;
				LD_RUNPATH_SEARCH_PATHS = "$(inherited) @executable_path/Frameworks";
				PRODUCT_BUNDLE_IDENTIFIER = com.alina.tippy;
				PRODUCT_NAME = "$(TARGET_NAME)";
				SWIFT_VERSION = 3.0;
			};
			name = Release;
		};
		CD3AC2E01EF9BCC100B7AC23 /* Debug */ = {
			isa = XCBuildConfiguration;
			buildSettings = {
				ALWAYS_EMBED_SWIFT_STANDARD_LIBRARIES = YES;
				BUNDLE_LOADER = "$(TEST_HOST)";
				INFOPLIST_FILE = tippyTests/Info.plist;
				LD_RUNPATH_SEARCH_PATHS = "$(inherited) @executable_path/Frameworks @loader_path/Frameworks";
				PRODUCT_BUNDLE_IDENTIFIER = com.alina.tippyTests;
				PRODUCT_NAME = "$(TARGET_NAME)";
				SWIFT_VERSION = 3.0;
				TEST_HOST = "$(BUILT_PRODUCTS_DIR)/tippy.app/tippy";
			};
			name = Debug;
		};
		CD3AC2E11EF9BCC100B7AC23 /* Release */ = {
			isa = XCBuildConfiguration;
			buildSettings = {
				ALWAYS_EMBED_SWIFT_STANDARD_LIBRARIES = YES;
				BUNDLE_LOADER = "$(TEST_HOST)";
				INFOPLIST_FILE = tippyTests/Info.plist;
				LD_RUNPATH_SEARCH_PATHS = "$(inherited) @executable_path/Frameworks @loader_path/Frameworks";
				PRODUCT_BUNDLE_IDENTIFIER = com.alina.tippyTests;
				PRODUCT_NAME = "$(TARGET_NAME)";
				SWIFT_VERSION = 3.0;
				TEST_HOST = "$(BUILT_PRODUCTS_DIR)/tippy.app/tippy";
			};
			name = Release;
		};
		CD3AC2E31EF9BCC100B7AC23 /* Debug */ = {
			isa = XCBuildConfiguration;
			buildSettings = {
				ALWAYS_EMBED_SWIFT_STANDARD_LIBRARIES = YES;
				INFOPLIST_FILE = tippyUITests/Info.plist;
				LD_RUNPATH_SEARCH_PATHS = "$(inherited) @executable_path/Frameworks @loader_path/Frameworks";
				PRODUCT_BUNDLE_IDENTIFIER = com.alina.tippyUITests;
				PRODUCT_NAME = "$(TARGET_NAME)";
				SWIFT_VERSION = 3.0;
				TEST_TARGET_NAME = tippy;
			};
			name = Debug;
		};
		CD3AC2E41EF9BCC100B7AC23 /* Release */ = {
			isa = XCBuildConfiguration;
			buildSettings = {
				ALWAYS_EMBED_SWIFT_STANDARD_LIBRARIES = YES;
				INFOPLIST_FILE = tippyUITests/Info.plist;
				LD_RUNPATH_SEARCH_PATHS = "$(inherited) @executable_path/Frameworks @loader_path/Frameworks";
				PRODUCT_BUNDLE_IDENTIFIER = com.alina.tippyUITests;
				PRODUCT_NAME = "$(TARGET_NAME)";
				SWIFT_VERSION = 3.0;
				TEST_TARGET_NAME = tippy;
			};
			name = Release;
		};
/* End XCBuildConfiguration section */

/* Begin XCConfigurationList section */
		CD3AC2AF1EF9BCC100B7AC23 /* Build configuration list for PBXProject "tippy" */ = {
			isa = XCConfigurationList;
			buildConfigurations = (
				CD3AC2DA1EF9BCC100B7AC23 /* Debug */,
				CD3AC2DB1EF9BCC100B7AC23 /* Release */,
			);
			defaultConfigurationIsVisible = 0;
			defaultConfigurationName = Release;
		};
		CD3AC2DC1EF9BCC100B7AC23 /* Build configuration list for PBXNativeTarget "tippy" */ = {
			isa = XCConfigurationList;
			buildConfigurations = (
				CD3AC2DD1EF9BCC100B7AC23 /* Debug */,
				CD3AC2DE1EF9BCC100B7AC23 /* Release */,
			);
			defaultConfigurationIsVisible = 0;
		};
		CD3AC2DF1EF9BCC100B7AC23 /* Build configuration list for PBXNativeTarget "tippyTests" */ = {
			isa = XCConfigurationList;
			buildConfigurations = (
				CD3AC2E01EF9BCC100B7AC23 /* Debug */,
				CD3AC2E11EF9BCC100B7AC23 /* Release */,
			);
			defaultConfigurationIsVisible = 0;
		};
		CD3AC2E21EF9BCC100B7AC23 /* Build configuration list for PBXNativeTarget "tippyUITests" */ = {
			isa = XCConfigurationList;
			buildConfigurations = (
				CD3AC2E31EF9BCC100B7AC23 /* Debug */,
				CD3AC2E41EF9BCC100B7AC23 /* Release */,
			);
			defaultConfigurationIsVisible = 0;
		};
/* End XCConfigurationList section */
	};
	rootObject = CD3AC2AC1EF9BCC100B7AC23 /* Project object */;
}
